
Microsoft Visual Studio Solution File, Format Version 12.00
# Visual Studio Version 16
VisualStudioVersion = 16.0.31321.278
MinimumVisualStudioVersion = 10.0.40219.1
Project("{2150E333-8FDC-42A3-9474-1A3956D46DE8}") = "src", "src", "{8F215B0E-9A8E-45A6-9D61-5A10E0B93416}"
EndProject
Project("{FAE04EC0-301F-11D3-BF4B-00C04F79EFBC}") = "Core", "src\Core\Core.csproj", "{C27B80AC-57AF-4612-88CE-2C8E46F7DBAB}"
EndProject
Project("{FAE04EC0-301F-11D3-BF4B-00C04F79EFBC}") = "ConsoleOutputListener", "src\ConsoleOutputListener\ConsoleOutputListener.csproj", "{F969AAD9-1E41-401D-9F5D-AED019131442}"
EndProject
Global
	GlobalSection(SolutionConfigurationPlatforms) = preSolution
		Debug|Any CPU = Debug|Any CPU
		Release|Any CPU = Release|Any CPU
	EndGlobalSection
	GlobalSection(ProjectConfigurationPlatforms) = postSolution
		{C27B80AC-57AF-4612-88CE-2C8E46F7DBAB}.Debug|Any CPU.ActiveCfg = Debug|Any CPU
		{C27B80AC-57AF-4612-88CE-2C8E46F7DBAB}.Debug|Any CPU.Build.0 = Debug|Any CPU
		{C27B80AC-57AF-4612-88CE-2C8E46F7DBAB}.Release|Any CPU.ActiveCfg = Release|Any CPU
		{C27B80AC-57AF-4612-88CE-2C8E46F7DBAB}.Release|Any CPU.Build.0 = Release|Any CPU
		{F969AAD9-1E41-401D-9F5D-AED019131442}.Debug|Any CPU.ActiveCfg = Debug|Any CPU
		{F969AAD9-1E41-401D-9F5D-AED019131442}.Debug|Any CPU.Build.0 = Debug|Any CPU
		{F969AAD9-1E41-401D-9F5D-AED019131442}.Release|Any CPU.ActiveCfg = Release|Any CPU
		{F969AAD9-1E41-401D-9F5D-AED019131442}.Release|Any CPU.Build.0 = Release|Any CPU
	EndGlobalSection
	GlobalSection(SolutionProperties) = preSolution
		HideSolutionNode = FALSE
	EndGlobalSection
	GlobalSection(NestedProjects) = preSolution
		{C27B80AC-57AF-4612-88CE-2C8E46F7DBAB} = {8F215B0E-9A8E-45A6-9D61-5A10E0B93416}
		{F969AAD9-1E41-401D-9F5D-AED019131442} = {8F215B0E-9A8E-45A6-9D61-5A10E0B93416}
	EndGlobalSection
	GlobalSection(ExtensibilityGlobals) = postSolution
		SolutionGuid = {BBC3C839-09EC-4136-8B75-A2CB0534B451}
	EndGlobalSection
EndGlobal
